
Microsoft Visual Studio Solution File, Format Version 12.00
# Visual Studio Version 18
VisualStudioVersion = 18.6.11828.311 oobstable
MinimumVisualStudioVersion = 10.0.40219.1
Project("{FAE04EC0-301F-11D3-BF4B-00C04F79EFBC}") = "ElearingEnglis", "ElearingEnglis.csproj", "{E667A853-AC5B-3362-19D9-5EE24552D666}"
EndProject
Global
	GlobalSection(SolutionConfigurationPlatforms) = preSolution
		Debug|Any CPU = Debug|Any CPU
		Release|Any CPU = Release|Any CPU
	EndGlobalSection
	GlobalSection(ProjectConfigurationPlatforms) = postSolution
		{E667A853-AC5B-3362-19D9-5EE24552D666}.Debug|Any CPU.ActiveCfg = Debug|Any CPU
		{E667A853-AC5B-3362-19D9-5EE24552D666}.Debug|Any CPU.Build.0 = Debug|Any CPU
		{E667A853-AC5B-3362-19D9-5EE24552D666}.Release|Any CPU.ActiveCfg = Release|Any CPU
		{E667A853-AC5B-3362-19D9-5EE24552D666}.Release|Any CPU.Build.0 = Release|Any CPU
	EndGlobalSection
	GlobalSection(SolutionProperties) = preSolution
		HideSolutionNode = FALSE
	EndGlobalSection
	GlobalSection(ExtensibilityGlobals) = postSolution
		SolutionGuid = {7384647B-2561-4404-B38F-8BA52640BCC1}
	EndGlobalSection
EndGlobal
